
Microsoft Visual Studio Solution File, Format Version 12.00
# Visual Studio Version 16
VisualStudioVersion = 16.0.30907.101
MinimumVisualStudioVersion = 10.0.40219.1
Project("{FAE04EC0-301F-11D3-BF4B-00C04F79EFBC}") = "12 Month calendar kontrola", "12 Month calendar kontrola\12 Month calendar kontrola.csproj", "{8D7F8396-61FE-4DC1-8702-9502C94A28E6}"
EndProject
Global
	GlobalSection(SolutionConfigurationPlatforms) = preSolution
		Debug|Any CPU = Debug|Any CPU
		Release|Any CPU = Release|Any CPU
	EndGlobalSection
	GlobalSection(ProjectConfigurationPlatforms) = postSolution
		{8D7F8396-61FE-4DC1-8702-9502C94A28E6}.Debug|Any CPU.ActiveCfg = Debug|Any CPU
		{8D7F8396-61FE-4DC1-8702-9502C94A28E6}.Debug|Any CPU.Build.0 = Debug|Any CPU
		{8D7F8396-61FE-4DC1-8702-9502C94A28E6}.Release|Any CPU.ActiveCfg = Release|Any CPU
		{8D7F8396-61FE-4DC1-8702-9502C94A28E6}.Release|Any CPU.Build.0 = Release|Any CPU
	EndGlobalSection
	GlobalSection(SolutionProperties) = preSolution
		HideSolutionNode = FALSE
	EndGlobalSection
	GlobalSection(ExtensibilityGlobals) = postSolution
		SolutionGuid = {0E9B7C31-144C-44D5-843D-F59A7F0724AD}
	EndGlobalSection
EndGlobal
